// !$*UTF8*$!
{
	archiveVersion = 1;
	classes = {
	};
	objectVersion = 55;
	objects = {

/* Begin PBXBuildFile section */
		647038AA1D9A6619A5F07D59 /* Pods_One_Healthy_Leap.framework in Frameworks */ = {isa = PBXBuildFile; fileRef = 536DE1D4A7070509B0581646 /* Pods_One_Healthy_Leap.framework */; };
		940C17152733683F00D720FB /* AppDelegate.swift in Sources */ = {isa = PBXBuildFile; fileRef = 940C17142733683F00D720FB /* AppDelegate.swift */; };
		940C17172733683F00D720FB /* SceneDelegate.swift in Sources */ = {isa = PBXBuildFile; fileRef = 940C17162733683F00D720FB /* SceneDelegate.swift */; };
		940C17192733683F00D720FB /* ViewController.swift in Sources */ = {isa = PBXBuildFile; fileRef = 940C17182733683F00D720FB /* ViewController.swift */; };
		940C171C2733683F00D720FB /* Main.storyboard in Resources */ = {isa = PBXBuildFile; fileRef = 940C171A2733683F00D720FB /* Main.storyboard */; };
		940C171E2733684100D720FB /* Assets.xcassets in Resources */ = {isa = PBXBuildFile; fileRef = 940C171D2733684100D720FB /* Assets.xcassets */; };
		940C17212733684100D720FB /* LaunchScreen.storyboard in Resources */ = {isa = PBXBuildFile; fileRef = 940C171F2733684100D720FB /* LaunchScreen.storyboard */; };
/* End PBXBuildFile section */

/* Begin PBXFileReference section */
		05CC3AF5FBC1505B870467B3 /* Pods-One-Healthy-Leap.debug.xcconfig */ = {isa = PBXFileReference; includeInIndex = 1; lastKnownFileType = text.xcconfig; name = "Pods-One-Healthy-Leap.debug.xcconfig"; path = "Target Support Files/Pods-One-Healthy-Leap/Pods-One-Healthy-Leap.debug.xcconfig"; sourceTree = "<group>"; };
		536DE1D4A7070509B0581646 /* Pods_One_Healthy_Leap.framework */ = {isa = PBXFileReference; explicitFileType = wrapper.framework; includeInIndex = 0; path = Pods_One_Healthy_Leap.framework; sourceTree = BUILT_PRODUCTS_DIR; };
		53A7263101D9D4F9FB1F4A54 /* Pods-One-Healthy-Leap.release.xcconfig */ = {isa = PBXFileReference; includeInIndex = 1; lastKnownFileType = text.xcconfig; name = "Pods-One-Healthy-Leap.release.xcconfig"; path = "Target Support Files/Pods-One-Healthy-Leap/Pods-One-Healthy-Leap.release.xcconfig"; sourceTree = "<group>"; };
		940C17112733683F00D720FB /* One-Healthy-Leap.app */ = {isa = PBXFileReference; explicitFileType = wrapper.application; includeInIndex = 0; path = "One-Healthy-Leap.app"; sourceTree = BUILT_PRODUCTS_DIR; };
		940C17142733683F00D720FB /* AppDelegate.swift */ = {isa = PBXFileReference; lastKnownFileType = sourcecode.swift; path = AppDelegate.swift; sourceTree = "<group>"; };
		940C17162733683F00D720FB /* SceneDelegate.swift */ = {isa = PBXFileReference; lastKnownFileType = sourcecode.swift; path = SceneDelegate.swift; sourceTree = "<group>"; };
		940C17182733683F00D720FB /* ViewController.swift */ = {isa = PBXFileReference; lastKnownFileType = sourcecode.swift; path = ViewController.swift; sourceTree = "<group>"; };
		940C171B2733683F00D720FB /* Base */ = {isa = PBXFileReference; lastKnownFileType = file.storyboard; name = Base; path = Base.lproj/Main.storyboard; sourceTree = "<group>"; };
		940C171D2733684100D720FB /* Assets.xcassets */ = {isa = PBXFileReference; lastKnownFileType = folder.assetcatalog; path = Assets.xcassets; sourceTree = "<group>"; };
		940C17202733684100D720FB /* Base */ = {isa = PBXFileReference; lastKnownFileType = file.storyboard; name = Base; path = Base.lproj/LaunchScreen.storyboard; sourceTree = "<group>"; };
		940C17222733684100D720FB /* Info.plist */ = {isa = PBXFileReference; lastKnownFileType = text.plist.xml; path = Info.plist; sourceTree = "<group>"; };
/* End PBXFileReference section */

/* Begin PBXFrameworksBuildPhase section */
		940C170E2733683E00D720FB /* Frameworks */ = {
			isa = PBXFrameworksBuildPhase;
			buildActionMask = 2147483647;
			files = (
				647038AA1D9A6619A5F07D59 /* Pods_One_Healthy_Leap.framework in Frameworks */,
			);
			runOnlyForDeploymentPostprocessing = 0;
		};
/* End PBXFrameworksBuildPhase section */

/* Begin PBXGroup section */
		84C13B5376B9AAC86E01FAA2 /* Frameworks */ = {
			isa = PBXGroup;
			children = (
				536DE1D4A7070509B0581646 /* Pods_One_Healthy_Leap.framework */,
			);
			name = Frameworks;
			sourceTree = "<group>";
		};
		940C17082733683E00D720FB = {
			isa = PBXGroup;
			children = (
				940C17132733683F00D720FB /* One-Healthy-Leap */,
				940C17122733683F00D720FB /* Products */,
				D5D618E8CD059BF8AB8A4304 /* Pods */,
				84C13B5376B9AAC86E01FAA2 /* Frameworks */,
			);
			sourceTree = "<group>";
		};
		940C17122733683F00D720FB /* Products */ = {
			isa = PBXGroup;
			children = (
				940C17112733683F00D720FB /* One-Healthy-Leap.app */,
			);
			name = Products;
			sourceTree = "<group>";
		};
		940C17132733683F00D720FB /* One-Healthy-Leap */ = {
			isa = PBXGroup;
			children = (
				940C17142733683F00D720FB /* AppDelegate.swift */,
				940C17162733683F00D720FB /* SceneDelegate.swift */,
				940C17182733683F00D720FB /* ViewController.swift */,
				940C171A2733683F00D720FB /* Main.storyboard */,
				940C171D2733684100D720FB /* Assets.xcassets */,
				940C171F2733684100D720FB /* LaunchScreen.storyboard */,
				940C17222733684100D720FB /* Info.plist */,
			);
			path = "One-Healthy-Leap";
			sourceTree = "<group>";
		};
		D5D618E8CD059BF8AB8A4304 /* Pods */ = {
			isa = PBXGroup;
			children = (
				05CC3AF5FBC1505B870467B3 /* Pods-One-Healthy-Leap.debug.xcconfig */,
				53A7263101D9D4F9FB1F4A54 /* Pods-One-Healthy-Leap.release.xcconfig */,
			);
			name = Pods;
			path = Pods;
			sourceTree = "<group>";
		};
/* End PBXGroup section */

/* Begin PBXNativeTarget section */
		940C17102733683E00D720FB /* One-Healthy-Leap */ = {
			isa = PBXNativeTarget;
			buildConfigurationList = 940C17252733684100D720FB /* Build configuration list for PBXNativeTarget "One-Healthy-Leap" */;
			buildPhases = (
				C0A969A65F22E93763D96292 /* [CP] Check Pods Manifest.lock */,
				940C170D2733683E00D720FB /* Sources */,
				940C170E2733683E00D720FB /* Frameworks */,
				940C170F2733683E00D720FB /* Resources */,
				27AE74DD7D9AC48CA3A06B74 /* [CP] Embed Pods Frameworks */,
			);
			buildRules = (
			);
			dependencies = (
			);
			name = "One-Healthy-Leap";
			productName = "One-Healthy-Leap";
			productReference = 940C17112733683F00D720FB /* One-Healthy-Leap.app */;
			productType = "com.apple.product-type.application";
		};
/* End PBXNativeTarget section */

/* Begin PBXProject section */
		940C17092733683E00D720FB /* Project object */ = {
			isa = PBXProject;
			attributes = {
				BuildIndependentTargetsInParallel = 1;
				LastSwiftUpdateCheck = 1300;
				LastUpgradeCheck = 1300;
				TargetAttributes = {
					940C17102733683E00D720FB = {
						CreatedOnToolsVersion = 13.0;
					};
				};
			};
			buildConfigurationList = 940C170C2733683E00D720FB /* Build configuration list for PBXProject "One-Healthy-Leap" */;
			compatibilityVersion = "Xcode 13.0";
			developmentRegion = en;
			hasScannedForEncodings = 0;
			knownRegions = (
				en,
				Base,
			);
			mainGroup = 940C17082733683E00D720FB;
			productRefGroup = 940C17122733683F00D720FB /* Products */;
			projectDirPath = "";
			projectRoot = "";
			targets = (
				940C17102733683E00D720FB /* One-Healthy-Leap */,
			);
		};
/* End PBXProject section */

/* Begin PBXResourcesBuildPhase section */
		940C170F2733683E00D720FB /* Resources */ = {
			isa = PBXResourcesBuildPhase;
			buildActionMask = 2147483647;
			files = (
				940C17212733684100D720FB /* LaunchScreen.storyboard in Resources */,
				940C171E2733684100D720FB /* Assets.xcassets in Resources */,
				940C171C2733683F00D720FB /* Main.storyboard in Resources */,
			);
			runOnlyForDeploymentPostprocessing = 0;
		};
/* End PBXResourcesBuildPhase section */

/* Begin PBXShellScriptBuildPhase section */
		27AE74DD7D9AC48CA3A06B74 /* [CP] Embed Pods Frameworks */ = {
			isa = PBXShellScriptBuildPhase;
			buildActionMask = 2147483647;
			files = (
			);
			inputFileListPaths = (
				"${PODS_ROOT}/Target Support Files/Pods-One-Healthy-Leap/Pods-One-Healthy-Leap-frameworks-${CONFIGURATION}-input-files.xcfilelist",
			);
			name = "[CP] Embed Pods Frameworks";
			outputFileListPaths = (
				"${PODS_ROOT}/Target Support Files/Pods-One-Healthy-Leap/Pods-One-Healthy-Leap-frameworks-${CONFIGURATION}-output-files.xcfilelist",
			);
			runOnlyForDeploymentPostprocessing = 0;
			shellPath = /bin/sh;
			shellScript = "\"${PODS_ROOT}/Target Support Files/Pods-One-Healthy-Leap/Pods-One-Healthy-Leap-frameworks.sh\"\n";
			showEnvVarsInLog = 0;
		};
		C0A969A65F22E93763D96292 /* [CP] Check Pods Manifest.lock */ = {
			isa = PBXShellScriptBuildPhase;
			buildActionMask = 2147483647;
			files = (
			);
			inputFileListPaths = (
			);
			inputPaths = (
				"${PODS_PODFILE_DIR_PATH}/Podfile.lock",
				"${PODS_ROOT}/Manifest.lock",
			);
			name = "[CP] Check Pods Manifest.lock";
			outputFileListPaths = (
			);
			outputPaths = (
				"$(DERIVED_FILE_DIR)/Pods-One-Healthy-Leap-checkManifestLockResult.txt",
			);
			runOnlyForDeploymentPostprocessing = 0;
			shellPath = /bin/sh;
			shellScript = "diff \"${PODS_PODFILE_DIR_PATH}/Podfile.lock\" \"${PODS_ROOT}/Manifest.lock\" > /dev/null\nif [ $? != 0 ] ; then\n    # print error to STDERR\n    echo \"error: The sandbox is not in sync with the Podfile.lock. Run 'pod install' or update your CocoaPods installation.\" >&2\n    exit 1\nfi\n# This output is used by Xcode 'outputs' to avoid re-running this script phase.\necho \"SUCCESS\" > \"${SCRIPT_OUTPUT_FILE_0}\"\n";
			showEnvVarsInLog = 0;
		};
/* End PBXShellScriptBuildPhase section */

/* Begin PBXSourcesBuildPhase section */
		940C170D2733683E00D720FB /* Sources */ = {
			isa = PBXSourcesBuildPhase;
			buildActionMask = 2147483647;
			files = (
				940C17192733683F00D720FB /* ViewController.swift in Sources */,
				940C17152733683F00D720FB /* AppDelegate.swift in Sources */,
				940C17172733683F00D720FB /* SceneDelegate.swift in Sources */,
			);
			runOnlyForDeploymentPostprocessing = 0;
		};
/* End PBXSourcesBuildPhase section */

/* Begin PBXVariantGroup section */
		940C171A2733683F00D720FB /* Main.storyboard */ = {
			isa = PBXVariantGroup;
			children = (
				940C171B2733683F00D720FB /* Base */,
			);
			name = Main.storyboard;
			sourceTree = "<group>";
		};
		940C171F2733684100D720FB /* LaunchScreen.storyboard */ = {
			isa = PBXVariantGroup;
			children = (
				940C17202733684100D720FB /* Base */,
			);
			name = LaunchScreen.storyboard;
			sourceTree = "<group>";
		};
/* End PBXVariantGroup section */

/* Begin XCBuildConfiguration section */
		940C17232733684100D720FB /* Debug */ = {
			isa = XCBuildConfiguration;
			buildSettings = {
				ALWAYS_SEARCH_USER_PATHS = NO;
				CLANG_ANALYZER_NONNULL = YES;
				CLANG_ANALYZER_NUMBER_OBJECT_CONVERSION = YES_AGGRESSIVE;
				CLANG_CXX_LANGUAGE_STANDARD = "gnu++17";
				CLANG_CXX_LIBRARY = "libc++";
				CLANG_ENABLE_MODULES = YES;
				CLANG_ENABLE_OBJC_ARC = YES;
				CLANG_ENABLE_OBJC_WEAK = YES;
				CLANG_WARN_BLOCK_CAPTURE_AUTORELEASING = YES;
				CLANG_WARN_BOOL_CONVERSION = YES;
				CLANG_WARN_COMMA = YES;
				CLANG_WARN_CONSTANT_CONVERSION = YES;
				CLANG_WARN_DEPRECATED_OBJC_IMPLEMENTATIONS = YES;
				CLANG_WARN_DIRECT_OBJC_ISA_USAGE = YES_ERROR;
				CLANG_WARN_DOCUMENTATION_COMMENTS = YES;
				CLANG_WARN_EMPTY_BODY = YES;
				CLANG_WARN_ENUM_CONVERSION = YES;
				CLANG_WARN_INFINITE_RECURSION = YES;
				CLANG_WARN_INT_CONVERSION = YES;
				CLANG_WARN_NON_LITERAL_NULL_CONVERSION = YES;
				CLANG_WARN_OBJC_IMPLICIT_RETAIN_SELF = YES;
				CLANG_WARN_OBJC_LITERAL_CONVERSION = YES;
				CLANG_WARN_OBJC_ROOT_CLASS = YES_ERROR;
				CLANG_WARN_QUOTED_INCLUDE_IN_FRAMEWORK_HEADER = YES;
				CLANG_WARN_RANGE_LOOP_ANALYSIS = YES;
				CLANG_WARN_STRICT_PROTOTYPES = YES;
				CLANG_WARN_SUSPICIOUS_MOVE = YES;
				CLANG_WARN_UNGUARDED_AVAILABILITY = YES_AGGRESSIVE;
				CLANG_WARN_UNREACHABLE_CODE = YES;
				CLANG_WARN__DUPLICATE_METHOD_MATCH = YES;
				COPY_PHASE_STRIP = NO;
				DEBUG_INFORMATION_FORMAT = dwarf;
				ENABLE_STRICT_OBJC_MSGSEND = YES;
				ENABLE_TESTABILITY = YES;
				GCC_C_LANGUAGE_STANDARD = gnu11;
				GCC_DYNAMIC_NO_PIC = NO;
				GCC_NO_COMMON_BLOCKS = YES;
				GCC_OPTIMIZATION_LEVEL = 0;
				GCC_PREPROCESSOR_DEFINITIONS = (
					"DEBUG=1",
					"$(inherited)",
				);
				GCC_WARN_64_TO_32_BIT_CONVERSION = YES;
				GCC_WARN_ABOUT_RETURN_TYPE = YES_ERROR;
				GCC_WARN_UNDECLARED_SELECTOR = YES;
				GCC_WARN_UNINITIALIZED_AUTOS = YES_AGGRESSIVE;
				GCC_WARN_UNUSED_FUNCTION = YES;
				GCC_WARN_UNUSED_VARIABLE = YES;
				IPHONEOS_DEPLOYMENT_TARGET = 15.0;
				MTL_ENABLE_DEBUG_INFO = INCLUDE_SOURCE;
				MTL_FAST_MATH = YES;
				ONLY_ACTIVE_ARCH = YES;
				SDKROOT = iphoneos;
				SWIFT_ACTIVE_COMPILATION_CONDITIONS = DEBUG;
				SWIFT_OPTIMIZATION_LEVEL = "-Onone";
			};
			name = Debug;
		};
		940C17242733684100D720FB /* Release */ = {
			isa = XCBuildConfiguration;
			buildSettings = {
				ALWAYS_SEARCH_USER_PATHS = NO;
				CLANG_ANALYZER_NONNULL = YES;
				CLANG_ANALYZER_NUMBER_OBJECT_CONVERSION = YES_AGGRESSIVE;
				CLANG_CXX_LANGUAGE_STANDARD = "gnu++17";
				CLANG_CXX_LIBRARY = "libc++";
				CLANG_ENABLE_MODULES = YES;
				CLANG_ENABLE_OBJC_ARC = YES;
				CLANG_ENABLE_OBJC_WEAK = YES;
				CLANG_WARN_BLOCK_CAPTURE_AUTORELEASING = YES;
				CLANG_WARN_BOOL_CONVERSION = YES;
				CLANG_WARN_COMMA = YES;
				CLANG_WARN_CONSTANT_CONVERSION = YES;
				CLANG_WARN_DEPRECATED_OBJC_IMPLEMENTATIONS = YES;
				CLANG_WARN_DIRECT_OBJC_ISA_USAGE = YES_ERROR;
				CLANG_WARN_DOCUMENTATION_COMMENTS = YES;
				CLANG_WARN_EMPTY_BODY = YES;
				CLANG_WARN_ENUM_CONVERSION = YES;
				CLANG_WARN_INFINITE_RECURSION = YES;
				CLANG_WARN_INT_CONVERSION = YES;
				CLANG_WARN_NON_LITERAL_NULL_CONVERSION = YES;
				CLANG_WARN_OBJC_IMPLICIT_RETAIN_SELF = YES;
				CLANG_WARN_OBJC_LITERAL_CONVERSION = YES;
				CLANG_WARN_OBJC_ROOT_CLASS = YES_ERROR;
				CLANG_WARN_QUOTED_INCLUDE_IN_FRAMEWORK_HEADER = YES;
				CLANG_WARN_RANGE_LOOP_ANALYSIS = YES;
				CLANG_WARN_STRICT_PROTOTYPES = YES;
				CLANG_WARN_SUSPICIOUS_MOVE = YES;
				CLANG_WARN_UNGUARDED_AVAILABILITY = YES_AGGRESSIVE;
				CLANG_WARN_UNREACHABLE_CODE = YES;
				CLANG_WARN__DUPLICATE_METHOD_MATCH = YES;
				COPY_PHASE_STRIP = NO;
				DEBUG_INFORMATION_FORMAT = "dwarf-with-dsym";
				ENABLE_NS_ASSERTIONS = NO;
				ENABLE_STRICT_OBJC_MSGSEND = YES;
				GCC_C_LANGUAGE_STANDARD = gnu11;
				GCC_NO_COMMON_BLOCKS = YES;
				GCC_WARN_64_TO_32_BIT_CONVERSION = YES;
				GCC_WARN_ABOUT_RETURN_TYPE = YES_ERROR;
				GCC_WARN_UNDECLARED_SELECTOR = YES;
				GCC_WARN_UNINITIALIZED_AUTOS = YES_AGGRESSIVE;
				GCC_WARN_UNUSED_FUNCTION = YES;
				GCC_WARN_UNUSED_VARIABLE = YES;
				IPHONEOS_DEPLOYMENT_TARGET = 15.0;
				MTL_ENABLE_DEBUG_INFO = NO;
				MTL_FAST_MATH = YES;
				SDKROOT = iphoneos;
				SWIFT_COMPILATION_MODE = wholemodule;
				SWIFT_OPTIMIZATION_LEVEL = "-O";
				VALIDATE_PRODUCT = YES;
			};
			name = Release;
		};
		940C17262733684100D720FB /* Debug */ = {
			isa = XCBuildConfiguration;
			baseConfigurationReference = 05CC3AF5FBC1505B870467B3 /* Pods-One-Healthy-Leap.debug.xcconfig */;
			buildSettings = {
				ASSETCATALOG_COMPILER_APPICON_NAME = AppIcon;
				ASSETCATALOG_COMPILER_GLOBAL_ACCENT_COLOR_NAME = AccentColor;
				CODE_SIGN_STYLE = Automatic;
				CURRENT_PROJECT_VERSION = 1;
				DEVELOPMENT_TEAM = GWCSNQ8RXP;
				GENERATE_INFOPLIST_FILE = YES;
				INFOPLIST_FILE = "One-Healthy-Leap/Info.plist";
				INFOPLIST_KEY_UIApplicationSupportsIndirectInputEvents = YES;
				INFOPLIST_KEY_UILaunchStoryboardName = LaunchScreen;
				INFOPLIST_KEY_UIMainStoryboardFile = Main;
				INFOPLIST_KEY_UISupportedInterfaceOrientations_iPad = "UIInterfaceOrientationPortrait UIInterfaceOrientationPortraitUpsideDown UIInterfaceOrientationLandscapeLeft UIInterfaceOrientationLandscapeRight";
				INFOPLIST_KEY_UISupportedInterfaceOrientations_iPhone = "UIInterfaceOrientationPortrait UIInterfaceOrientationLandscapeLeft UIInterfaceOrientationLandscapeRight";
				LD_RUNPATH_SEARCH_PATHS = (
					"$(inherited)",
					"@executable_path/Frameworks",
				);
				MARKETING_VERSION = 1.0;
				PRODUCT_BUNDLE_IDENTIFIER = "doyoon.kim.One-Healthy-Leap";
				PRODUCT_NAME = "$(TARGET_NAME)";
				SWIFT_EMIT_LOC_STRINGS = YES;
				SWIFT_VERSION = 5.0;
				TARGETED_DEVICE_FAMILY = "1,2";
			};
			name = Debug;
		};
		940C17272733684100D720FB /* Release */ = {
			isa = XCBuildConfiguration;
			baseConfigurationReference = 53A7263101D9D4F9FB1F4A54 /* Pods-One-Healthy-Leap.release.xcconfig */;
			buildSettings = {
				ASSETCATALOG_COMPILER_APPICON_NAME = AppIcon;
				ASSETCATALOG_COMPILER_GLOBAL_ACCENT_COLOR_NAME = AccentColor;
				CODE_SIGN_STYLE = Automatic;
				CURRENT_PROJECT_VERSION = 1;
				DEVELOPMENT_TEAM = GWCSNQ8RXP;
				GENERATE_INFOPLIST_FILE = YES;
				INFOPLIST_FILE = "One-Healthy-Leap/Info.plist";
				INFOPLIST_KEY_UIApplicationSupportsIndirectInputEvents = YES;
				INFOPLIST_KEY_UILaunchStoryboardName = LaunchScreen;
				INFOPLIST_KEY_UIMainStoryboardFile = Main;
				INFOPLIST_KEY_UISupportedInterfaceOrientations_iPad = "UIInterfaceOrientationPortrait UIInterfaceOrientationPortraitUpsideDown UIInterfaceOrientationLandscapeLeft UIInterfaceOrientationLandscapeRight";
				INFOPLIST_KEY_UISupportedInterfaceOrientations_iPhone = "UIInterfaceOrientationPortrait UIInterfaceOrientationLandscapeLeft UIInterfaceOrientationLandscapeRight";
				LD_RUNPATH_SEARCH_PATHS = (
					"$(inherited)",
					"@executable_path/Frameworks",
				);
				MARKETING_VERSION = 1.0;
				PRODUCT_BUNDLE_IDENTIFIER = "doyoon.kim.One-Healthy-Leap";
				PRODUCT_NAME = "$(TARGET_NAME)";
				SWIFT_EMIT_LOC_STRINGS = YES;
				SWIFT_VERSION = 5.0;
				TARGETED_DEVICE_FAMILY = "1,2";
			};
			name = Release;
		};
/* End XCBuildConfiguration section */

/* Begin XCConfigurationList section */
		940C170C2733683E00D720FB /* Build configuration list for PBXProject "One-Healthy-Leap" */ = {
			isa = XCConfigurationList;
			buildConfigurations = (
				940C17232733684100D720FB /* Debug */,
				940C17242733684100D720FB /* Release */,
			);
			defaultConfigurationIsVisible = 0;
			defaultConfigurationName = Release;
		};
		940C17252733684100D720FB /* Build configuration list for PBXNativeTarget "One-Healthy-Leap" */ = {
			isa = XCConfigurationList;
			buildConfigurations = (
				940C17262733684100D720FB /* Debug */,
				940C17272733684100D720FB /* Release */,
			);
			defaultConfigurationIsVisible = 0;
			defaultConfigurationName = Release;
		};
/* End XCConfigurationList section */
	};
	rootObject = 940C17092733683E00D720FB /* Project object */;
}
